
Microsoft Visual Studio Solution File, Format Version 12.00
# Visual Studio Version 17
VisualStudioVersion = 17.7.34221.43
MinimumVisualStudioVersion = 10.0.40219.1
Project("{FAE04EC0-301F-11D3-BF4B-00C04F79EFBC}") = "Assignment15", "Assignment15\Assignment15.csproj", "{20D264F1-80D1-4C3D-81DE-5760A1EFA100}"
EndProject
Global
	GlobalSection(SolutionConfigurationPlatforms) = preSolution
		Debug|Any CPU = Debug|Any CPU
		Release|Any CPU = Release|Any CPU
	EndGlobalSection
	GlobalSection(ProjectConfigurationPlatforms) = postSolution
		{20D264F1-80D1-4C3D-81DE-5760A1EFA100}.Debug|Any CPU.ActiveCfg = Debug|Any CPU
		{20D264F1-80D1-4C3D-81DE-5760A1EFA100}.Debug|Any CPU.Build.0 = Debug|Any CPU
		{20D264F1-80D1-4C3D-81DE-5760A1EFA100}.Release|Any CPU.ActiveCfg = Release|Any CPU
		{20D264F1-80D1-4C3D-81DE-5760A1EFA100}.Release|Any CPU.Build.0 = Release|Any CPU
	EndGlobalSection
	GlobalSection(SolutionProperties) = preSolution
		HideSolutionNode = FALSE
	EndGlobalSection
	GlobalSection(ExtensibilityGlobals) = postSolution
		SolutionGuid = {FE6AF970-0E16-4301-87A3-474A893F1EC5}
	EndGlobalSection
EndGlobal
